
Microsoft Visual Studio Solution File, Format Version 12.00
# Visual Studio Version 16
VisualStudioVersion = 16.0.31829.152
MinimumVisualStudioVersion = 10.0.40219.1
Project("{FAE04EC0-301F-11D3-BF4B-00C04F79EFBC}") = "Zadacha16.1", "Zadacha16.1\Zadacha16.1.csproj", "{5A575383-9AFD-410B-845D-75E36F84A08A}"
EndProject
Global
	GlobalSection(SolutionConfigurationPlatforms) = preSolution
		Debug|Any CPU = Debug|Any CPU
		Release|Any CPU = Release|Any CPU
	EndGlobalSection
	GlobalSection(ProjectConfigurationPlatforms) = postSolution
		{5A575383-9AFD-410B-845D-75E36F84A08A}.Debug|Any CPU.ActiveCfg = Debug|Any CPU
		{5A575383-9AFD-410B-845D-75E36F84A08A}.Debug|Any CPU.Build.0 = Debug|Any CPU
		{5A575383-9AFD-410B-845D-75E36F84A08A}.Release|Any CPU.ActiveCfg = Release|Any CPU
		{5A575383-9AFD-410B-845D-75E36F84A08A}.Release|Any CPU.Build.0 = Release|Any CPU
	EndGlobalSection
	GlobalSection(SolutionProperties) = preSolution
		HideSolutionNode = FALSE
	EndGlobalSection
	GlobalSection(ExtensibilityGlobals) = postSolution
		SolutionGuid = {C3A7F6E9-9306-45F7-ADEA-77C739066806}
	EndGlobalSection
EndGlobal
